# THIS IS AN AUTOGENERATED FILE. DO NOT EDIT THIS FILE DIRECTLY.
# yarn lockfile v1


easy-autocomplete@^1.3.5:
  version "1.3.5"
  resolved "https://registry.yarnpkg.com/easy-autocomplete/-/easy-autocomplete-1.3.5.tgz#2a2d2df699f13ddc48661c9375b9437acf1a0a9c"
  dependencies:
    jquery "*"

jquery@*:
  version "3.2.1"
  resolved "https://registry.yarnpkg.com/jquery/-/jquery-3.2.1.tgz#5c4d9de652af6cd0a770154a631bba12b015c787"
