# THIS IS AN AUTOGENERATED FILE. DO NOT EDIT THIS FILE DIRECTLY.
# yarn lockfile v1


"@material/animation@^0.25.0":
  version "0.25.0"
  resolved "https://registry.yarnpkg.com/@material/animation/-/animation-0.25.0.tgz#b252ac3d0b628e79a79f0c406d7470fb56352a80"

"@material/base@^0.24.0":
  version "0.24.0"
  resolved "https://registry.yarnpkg.com/@material/base/-/base-0.24.0.tgz#888a61e5b6580e35a66384a9f8823091b4fe7c55"

"@material/elevation@^0.25.0":
  version "0.25.0"
  resolved "https://registry.yarnpkg.com/@material/elevation/-/elevation-0.25.0.tgz#ab1b22cdc6d0c840e2c389e334c39466a8397c9b"
  dependencies:
    "@material/animation" "^0.25.0"
    "@material/theme" "^0.4.0"

"@material/fab@^0.26.0":
  version "0.26.0"
  resolved "https://registry.yarnpkg.com/@material/fab/-/fab-0.26.0.tgz#b1b6eea1f59bc05de38a3ed41f299d4f8df0b1b3"
  dependencies:
    "@material/animation" "^0.25.0"
    "@material/elevation" "^0.25.0"
    "@material/ripple" "^0.26.0"
    "@material/theme" "^0.25.0"

"@material/ripple@^0.26.0":
  version "0.26.0"
  resolved "https://registry.yarnpkg.com/@material/ripple/-/ripple-0.26.0.tgz#84310fe3ecf9878e4999d6fb553f639402146114"
  dependencies:
    "@material/base" "^0.24.0"
    "@material/theme" "^0.25.0"

"@material/theme@^0.25.0":
  version "0.25.0"
  resolved "https://registry.yarnpkg.com/@material/theme/-/theme-0.25.0.tgz#707b4c61ebc62e662d36164c8dd45fcf98bb1444"

"@material/theme@^0.4.0":
  version "0.4.0"
  resolved "https://registry.yarnpkg.com/@material/theme/-/theme-0.4.0.tgz#0aef1a0279b65c15990584fb8b8eca095c734641"

autosize@^4.0.0:
  version "4.0.0"
  resolved "https://registry.yarnpkg.com/autosize/-/autosize-4.0.0.tgz#7a0599b1ba84d73bd7589b0d9da3870152c69237"

axios@^0.16.2:
  version "0.16.2"
  resolved "https://registry.yarnpkg.com/axios/-/axios-0.16.2.tgz#ba4f92f17167dfbab40983785454b9ac149c3c6d"
  dependencies:
    follow-redirects "^1.2.3"
    is-buffer "^1.1.5"

debug@^2.6.9:
  version "2.6.9"
  resolved "https://registry.yarnpkg.com/debug/-/debug-2.6.9.tgz#5d128515df134ff327e90a4c93f4e077a536341f"
  dependencies:
    ms "2.0.0"

easy-autocomplete@^1.3.5:
  version "1.3.5"
  resolved "https://registry.yarnpkg.com/easy-autocomplete/-/easy-autocomplete-1.3.5.tgz#2a2d2df699f13ddc48661c9375b9437acf1a0a9c"
  dependencies:
    jquery "*"

ellipsis.js@^0.1.1:
  version "0.1.1"
  resolved "https://registry.yarnpkg.com/ellipsis.js/-/ellipsis.js-0.1.1.tgz#88d34864077933df1ff711fca10b5fefb68f3344"

follow-redirects@^1.2.3:
  version "1.2.5"
  resolved "https://registry.yarnpkg.com/follow-redirects/-/follow-redirects-1.2.5.tgz#ffd3e14cbdd5eaa72f61b6368c1f68516c2a26cc"
  dependencies:
    debug "^2.6.9"

is-buffer@^1.1.5:
  version "1.1.5"
  resolved "https://registry.yarnpkg.com/is-buffer/-/is-buffer-1.1.5.tgz#1f3b26ef613b214b88cbca23cc6c01d87961eecc"

jquery@*:
  version "3.2.1"
  resolved "https://registry.yarnpkg.com/jquery/-/jquery-3.2.1.tgz#5c4d9de652af6cd0a770154a631bba12b015c787"

ms@2.0.0:
  version "2.0.0"
  resolved "https://registry.yarnpkg.com/ms/-/ms-2.0.0.tgz#5608aeadfc00be6c2901df5f9861788de0d597c8"

toastr@^2.1.2:
  version "2.1.2"
  resolved "https://registry.yarnpkg.com/toastr/-/toastr-2.1.2.tgz#fd69066ae7578a5b3357725fc9c7c335e9b681df"
